
Microsoft Visual Studio Solution File, Format Version 12.00
# Visual Studio Version 17
VisualStudioVersion = 17.5.33414.496
MinimumVisualStudioVersion = 10.0.40219.1
Project("{FAE04EC0-301F-11D3-BF4B-00C04F79EFBC}") = "ASP.NET BSD", "ASP.NET BSD\ASP.NET BSD.csproj", "{DBDED1FE-0198-48F5-A665-59ACD2BFEB69}"
EndProject
Global
	GlobalSection(SolutionConfigurationPlatforms) = preSolution
		Debug|Any CPU = Debug|Any CPU
		Release|Any CPU = Release|Any CPU
	EndGlobalSection
	GlobalSection(ProjectConfigurationPlatforms) = postSolution
		{DBDED1FE-0198-48F5-A665-59ACD2BFEB69}.Debug|Any CPU.ActiveCfg = Debug|Any CPU
		{DBDED1FE-0198-48F5-A665-59ACD2BFEB69}.Debug|Any CPU.Build.0 = Debug|Any CPU
		{DBDED1FE-0198-48F5-A665-59ACD2BFEB69}.Release|Any CPU.ActiveCfg = Release|Any CPU
		{DBDED1FE-0198-48F5-A665-59ACD2BFEB69}.Release|Any CPU.Build.0 = Release|Any CPU
	EndGlobalSection
	GlobalSection(SolutionProperties) = preSolution
		HideSolutionNode = FALSE
	EndGlobalSection
	GlobalSection(ExtensibilityGlobals) = postSolution
		SolutionGuid = {0EF877BC-90DE-4655-AF18-4B746F27C93A}
	EndGlobalSection
EndGlobal
