
Microsoft Visual Studio Solution File, Format Version 12.00
# Visual Studio Version 17
VisualStudioVersion = 17.5.33414.496
MinimumVisualStudioVersion = 10.0.40219.1
Project("{FAE04EC0-301F-11D3-BF4B-00C04F79EFBC}") = "ASP.NET GEOPATH BSD", "ASP.NET GEOPATH BSD\ASP.NET GEOPATH BSD.csproj", "{71FC6B37-D195-45F0-8F41-3FF3F1E2D5E8}"
EndProject
Global
	GlobalSection(SolutionConfigurationPlatforms) = preSolution
		Debug|Any CPU = Debug|Any CPU
		Release|Any CPU = Release|Any CPU
	EndGlobalSection
	GlobalSection(ProjectConfigurationPlatforms) = postSolution
		{71FC6B37-D195-45F0-8F41-3FF3F1E2D5E8}.Debug|Any CPU.ActiveCfg = Debug|Any CPU
		{71FC6B37-D195-45F0-8F41-3FF3F1E2D5E8}.Debug|Any CPU.Build.0 = Debug|Any CPU
		{71FC6B37-D195-45F0-8F41-3FF3F1E2D5E8}.Release|Any CPU.ActiveCfg = Release|Any CPU
		{71FC6B37-D195-45F0-8F41-3FF3F1E2D5E8}.Release|Any CPU.Build.0 = Release|Any CPU
	EndGlobalSection
	GlobalSection(SolutionProperties) = preSolution
		HideSolutionNode = FALSE
	EndGlobalSection
	GlobalSection(ExtensibilityGlobals) = postSolution
		SolutionGuid = {0DB21E12-BC44-432D-91BE-CE01BC2400C4}
	EndGlobalSection
EndGlobal
